
Microsoft Visual Studio Solution File, Format Version 12.00
# Visual Studio 14
VisualStudioVersion = 14.0.25420.1
MinimumVisualStudioVersion = 10.0.40219.1
Project("{FAE04EC0-301F-11D3-BF4B-00C04F79EFBC}") = "XamarinForms_Dynamic_ListView_Item.Droid", "XamarinForms_Dynamic_ListView_Item\XamarinForms_Dynamic_ListView_Item.Droid\XamarinForms_Dynamic_ListView_Item.Droid.csproj", "{D744BB4B-0C6D-4692-9FC1-1C84B35D0EBD}"
EndProject
Project("{FAE04EC0-301F-11D3-BF4B-00C04F79EFBC}") = "XamarinForms_Dynamic_ListView_Item.iOS", "XamarinForms_Dynamic_ListView_Item\XamarinForms_Dynamic_ListView_Item.iOS\XamarinForms_Dynamic_ListView_Item.iOS.csproj", "{12597440-C4CA-4019-BC19-20291F721C34}"
EndProject
Project("{FAE04EC0-301F-11D3-BF4B-00C04F79EFBC}") = "XamarinForms_Dynamic_ListView_Item", "XamarinForms_Dynamic_ListView_Item\XamarinForms_Dynamic_ListView_Item\XamarinForms_Dynamic_ListView_Item.csproj", "{7DFAAC35-6245-4065-9A7F-0CB3A98FEBB2}"
EndProject
Global
	GlobalSection(SolutionConfigurationPlatforms) = preSolution
		Ad-Hoc|Any CPU = Ad-Hoc|Any CPU
		Ad-Hoc|ARM = Ad-Hoc|ARM
		Ad-Hoc|iPhone = Ad-Hoc|iPhone
		Ad-Hoc|iPhoneSimulator = Ad-Hoc|iPhoneSimulator
		Ad-Hoc|x64 = Ad-Hoc|x64
		Ad-Hoc|x86 = Ad-Hoc|x86
		AppStore|Any CPU = AppStore|Any CPU
		AppStore|ARM = AppStore|ARM
		AppStore|iPhone = AppStore|iPhone
		AppStore|iPhoneSimulator = AppStore|iPhoneSimulator
		AppStore|x64 = AppStore|x64
		AppStore|x86 = AppStore|x86
		Debug|Any CPU = Debug|Any CPU
		Debug|ARM = Debug|ARM
		Debug|iPhone = Debug|iPhone
		Debug|iPhoneSimulator = Debug|iPhoneSimulator
		Debug|x64 = Debug|x64
		Debug|x86 = Debug|x86
		Release|Any CPU = Release|Any CPU
		Release|ARM = Release|ARM
		Release|iPhone = Release|iPhone
		Release|iPhoneSimulator = Release|iPhoneSimulator
		Release|x64 = Release|x64
		Release|x86 = Release|x86
	EndGlobalSection
	GlobalSection(ProjectConfigurationPlatforms) = postSolution
		{D744BB4B-0C6D-4692-9FC1-1C84B35D0EBD}.Ad-Hoc|Any CPU.ActiveCfg = Release|Any CPU
		{D744BB4B-0C6D-4692-9FC1-1C84B35D0EBD}.Ad-Hoc|Any CPU.Build.0 = Release|Any CPU
		{D744BB4B-0C6D-4692-9FC1-1C84B35D0EBD}.Ad-Hoc|Any CPU.Deploy.0 = Release|Any CPU
		{D744BB4B-0C6D-4692-9FC1-1C84B35D0EBD}.Ad-Hoc|ARM.ActiveCfg = Release|Any CPU
		{D744BB4B-0C6D-4692-9FC1-1C84B35D0EBD}.Ad-Hoc|ARM.Build.0 = Release|Any CPU
		{D744BB4B-0C6D-4692-9FC1-1C84B35D0EBD}.Ad-Hoc|ARM.Deploy.0 = Release|Any CPU
		{D744BB4B-0C6D-4692-9FC1-1C84B35D0EBD}.Ad-Hoc|iPhone.ActiveCfg = Release|Any CPU
		{D744BB4B-0C6D-4692-9FC1-1C84B35D0EBD}.Ad-Hoc|iPhone.Build.0 = Release|Any CPU
		{D744BB4B-0C6D-4692-9FC1-1C84B35D0EBD}.Ad-Hoc|iPhone.Deploy.0 = Release|Any CPU
		{D744BB4B-0C6D-4692-9FC1-1C84B35D0EBD}.Ad-Hoc|iPhoneSimulator.ActiveCfg = Release|Any CPU
		{D744BB4B-0C6D-4692-9FC1-1C84B35D0EBD}.Ad-Hoc|iPhoneSimulator.Build.0 = Release|Any CPU
		{D744BB4B-0C6D-4692-9FC1-1C84B35D0EBD}.Ad-Hoc|iPhoneSimulator.Deploy.0 = Release|Any CPU
		{D744BB4B-0C6D-4692-9FC1-1C84B35D0EBD}.Ad-Hoc|x64.ActiveCfg = Release|Any CPU
		{D744BB4B-0C6D-4692-9FC1-1C84B35D0EBD}.Ad-Hoc|x64.Build.0 = Release|Any CPU
		{D744BB4B-0C6D-4692-9FC1-1C84B35D0EBD}.Ad-Hoc|x64.Deploy.0 = Release|Any CPU
		{D744BB4B-0C6D-4692-9FC1-1C84B35D0EBD}.Ad-Hoc|x86.ActiveCfg = Release|Any CPU
		{D744BB4B-0C6D-4692-9FC1-1C84B35D0EBD}.Ad-Hoc|x86.Build.0 = Release|Any CPU
		{D744BB4B-0C6D-4692-9FC1-1C84B35D0EBD}.Ad-Hoc|x86.Deploy.0 = Release|Any CPU
		{D744BB4B-0C6D-4692-9FC1-1C84B35D0EBD}.AppStore|Any CPU.ActiveCfg = Release|Any CPU
		{D744BB4B-0C6D-4692-9FC1-1C84B35D0EBD}.AppStore|Any CPU.Build.0 = Release|Any CPU
		{D744BB4B-0C6D-4692-9FC1-1C84B35D0EBD}.AppStore|Any CPU.Deploy.0 = Release|Any CPU
		{D744BB4B-0C6D-4692-9FC1-1C84B35D0EBD}.AppStore|ARM.ActiveCfg = Release|Any CPU
		{D744BB4B-0C6D-4692-9FC1-1C84B35D0EBD}.AppStore|ARM.Build.0 = Release|Any CPU
		{D744BB4B-0C6D-4692-9FC1-1C84B35D0EBD}.AppStore|ARM.Deploy.0 = Release|Any CPU
		{D744BB4B-0C6D-4692-9FC1-1C84B35D0EBD}.AppStore|iPhone.ActiveCfg = Release|Any CPU
		{D744BB4B-0C6D-4692-9FC1-1C84B35D0EBD}.AppStore|iPhone.Build.0 = Release|Any CPU
		{D744BB4B-0C6D-4692-9FC1-1C84B35D0EBD}.AppStore|iPhone.Deploy.0 = Release|Any CPU
		{D744BB4B-0C6D-4692-9FC1-1C84B35D0EBD}.AppStore|iPhoneSimulator.ActiveCfg = Release|Any CPU
		{D744BB4B-0C6D-4692-9FC1-1C84B35D0EBD}.AppStore|iPhoneSimulator.Build.0 = Release|Any CPU
		{D744BB4B-0C6D-4692-9FC1-1C84B35D0EBD}.AppStore|iPhoneSimulator.Deploy.0 = Release|Any CPU
		{D744BB4B-0C6D-4692-9FC1-1C84B35D0EBD}.AppStore|x64.ActiveCfg = Release|Any CPU
		{D744BB4B-0C6D-4692-9FC1-1C84B35D0EBD}.AppStore|x64.Build.0 = Release|Any CPU
		{D744BB4B-0C6D-4692-9FC1-1C84B35D0EBD}.AppStore|x64.Deploy.0 = Release|Any CPU
		{D744BB4B-0C6D-4692-9FC1-1C84B35D0EBD}.AppStore|x86.ActiveCfg = Release|Any CPU
		{D744BB4B-0C6D-4692-9FC1-1C84B35D0EBD}.AppStore|x86.Build.0 = Release|Any CPU
		{D744BB4B-0C6D-4692-9FC1-1C84B35D0EBD}.AppStore|x86.Deploy.0 = Release|Any CPU
		{D744BB4B-0C6D-4692-9FC1-1C84B35D0EBD}.Debug|Any CPU.ActiveCfg = Debug|Any CPU
		{D744BB4B-0C6D-4692-9FC1-1C84B35D0EBD}.Debug|Any CPU.Build.0 = Debug|Any CPU
		{D744BB4B-0C6D-4692-9FC1-1C84B35D0EBD}.Debug|Any CPU.Deploy.0 = Debug|Any CPU
		{D744BB4B-0C6D-4692-9FC1-1C84B35D0EBD}.Debug|ARM.ActiveCfg = Debug|Any CPU
		{D744BB4B-0C6D-4692-9FC1-1C84B35D0EBD}.Debug|ARM.Build.0 = Debug|Any CPU
		{D744BB4B-0C6D-4692-9FC1-1C84B35D0EBD}.Debug|ARM.Deploy.0 = Debug|Any CPU
		{D744BB4B-0C6D-4692-9FC1-1C84B35D0EBD}.Debug|iPhone.ActiveCfg = Debug|Any CPU
		{D744BB4B-0C6D-4692-9FC1-1C84B35D0EBD}.Debug|iPhone.Build.0 = Debug|Any CPU
		{D744BB4B-0C6D-4692-9FC1-1C84B35D0EBD}.Debug|iPhone.Deploy.0 = Debug|Any CPU
		{D744BB4B-0C6D-4692-9FC1-1C84B35D0EBD}.Debug|iPhoneSimulator.ActiveCfg = Debug|Any CPU
		{D744BB4B-0C6D-4692-9FC1-1C84B35D0EBD}.Debug|iPhoneSimulator.Build.0 = Debug|Any CPU
		{D744BB4B-0C6D-4692-9FC1-1C84B35D0EBD}.Debug|iPhoneSimulator.Deploy.0 = Debug|Any CPU
		{D744BB4B-0C6D-4692-9FC1-1C84B35D0EBD}.Debug|x64.ActiveCfg = Debug|Any CPU
		{D744BB4B-0C6D-4692-9FC1-1C84B35D0EBD}.Debug|x64.Build.0 = Debug|Any CPU
		{D744BB4B-0C6D-4692-9FC1-1C84B35D0EBD}.Debug|x64.Deploy.0 = Debug|Any CPU
		{D744BB4B-0C6D-4692-9FC1-1C84B35D0EBD}.Debug|x86.ActiveCfg = Debug|Any CPU
		{D744BB4B-0C6D-4692-9FC1-1C84B35D0EBD}.Debug|x86.Build.0 = Debug|Any CPU
		{D744BB4B-0C6D-4692-9FC1-1C84B35D0EBD}.Debug|x86.Deploy.0 = Debug|Any CPU
		{D744BB4B-0C6D-4692-9FC1-1C84B35D0EBD}.Release|Any CPU.ActiveCfg = Release|Any CPU
		{D744BB4B-0C6D-4692-9FC1-1C84B35D0EBD}.Release|Any CPU.Build.0 = Release|Any CPU
		{D744BB4B-0C6D-4692-9FC1-1C84B35D0EBD}.Release|Any CPU.Deploy.0 = Release|Any CPU
		{D744BB4B-0C6D-4692-9FC1-1C84B35D0EBD}.Release|ARM.ActiveCfg = Release|Any CPU
		{D744BB4B-0C6D-4692-9FC1-1C84B35D0EBD}.Release|ARM.Build.0 = Release|Any CPU
		{D744BB4B-0C6D-4692-9FC1-1C84B35D0EBD}.Release|ARM.Deploy.0 = Release|Any CPU
		{D744BB4B-0C6D-4692-9FC1-1C84B35D0EBD}.Release|iPhone.ActiveCfg = Release|Any CPU
		{D744BB4B-0C6D-4692-9FC1-1C84B35D0EBD}.Release|iPhone.Build.0 = Release|Any CPU
		{D744BB4B-0C6D-4692-9FC1-1C84B35D0EBD}.Release|iPhone.Deploy.0 = Release|Any CPU
		{D744BB4B-0C6D-4692-9FC1-1C84B35D0EBD}.Release|iPhoneSimulator.ActiveCfg = Release|Any CPU
		{D744BB4B-0C6D-4692-9FC1-1C84B35D0EBD}.Release|iPhoneSimulator.Build.0 = Release|Any CPU
		{D744BB4B-0C6D-4692-9FC1-1C84B35D0EBD}.Release|iPhoneSimulator.Deploy.0 = Release|Any CPU
		{D744BB4B-0C6D-4692-9FC1-1C84B35D0EBD}.Release|x64.ActiveCfg = Release|Any CPU
		{D744BB4B-0C6D-4692-9FC1-1C84B35D0EBD}.Release|x64.Build.0 = Release|Any CPU
		{D744BB4B-0C6D-4692-9FC1-1C84B35D0EBD}.Release|x64.Deploy.0 = Release|Any CPU
		{D744BB4B-0C6D-4692-9FC1-1C84B35D0EBD}.Release|x86.ActiveCfg = Release|Any CPU
		{D744BB4B-0C6D-4692-9FC1-1C84B35D0EBD}.Release|x86.Build.0 = Release|Any CPU
		{D744BB4B-0C6D-4692-9FC1-1C84B35D0EBD}.Release|x86.Deploy.0 = Release|Any CPU
		{12597440-C4CA-4019-BC19-20291F721C34}.Ad-Hoc|Any CPU.ActiveCfg = Ad-Hoc|iPhone
		{12597440-C4CA-4019-BC19-20291F721C34}.Ad-Hoc|ARM.ActiveCfg = Ad-Hoc|iPhone
		{12597440-C4CA-4019-BC19-20291F721C34}.Ad-Hoc|iPhone.ActiveCfg = Ad-Hoc|iPhone
		{12597440-C4CA-4019-BC19-20291F721C34}.Ad-Hoc|iPhone.Build.0 = Ad-Hoc|iPhone
		{12597440-C4CA-4019-BC19-20291F721C34}.Ad-Hoc|iPhoneSimulator.ActiveCfg = Ad-Hoc|iPhoneSimulator
		{12597440-C4CA-4019-BC19-20291F721C34}.Ad-Hoc|iPhoneSimulator.Build.0 = Ad-Hoc|iPhoneSimulator
		{12597440-C4CA-4019-BC19-20291F721C34}.Ad-Hoc|x64.ActiveCfg = Ad-Hoc|iPhone
		{12597440-C4CA-4019-BC19-20291F721C34}.Ad-Hoc|x86.ActiveCfg = Ad-Hoc|iPhone
		{12597440-C4CA-4019-BC19-20291F721C34}.AppStore|Any CPU.ActiveCfg = AppStore|iPhone
		{12597440-C4CA-4019-BC19-20291F721C34}.AppStore|ARM.ActiveCfg = AppStore|iPhone
		{12597440-C4CA-4019-BC19-20291F721C34}.AppStore|iPhone.ActiveCfg = AppStore|iPhone
		{12597440-C4CA-4019-BC19-20291F721C34}.AppStore|iPhone.Build.0 = AppStore|iPhone
		{12597440-C4CA-4019-BC19-20291F721C34}.AppStore|iPhoneSimulator.ActiveCfg = AppStore|iPhoneSimulator
		{12597440-C4CA-4019-BC19-20291F721C34}.AppStore|iPhoneSimulator.Build.0 = AppStore|iPhoneSimulator
		{12597440-C4CA-4019-BC19-20291F721C34}.AppStore|x64.ActiveCfg = AppStore|iPhone
		{12597440-C4CA-4019-BC19-20291F721C34}.AppStore|x86.ActiveCfg = AppStore|iPhone
		{12597440-C4CA-4019-BC19-20291F721C34}.Debug|Any CPU.ActiveCfg = Debug|iPhone
		{12597440-C4CA-4019-BC19-20291F721C34}.Debug|ARM.ActiveCfg = Debug|iPhone
		{12597440-C4CA-4019-BC19-20291F721C34}.Debug|iPhone.ActiveCfg = Debug|iPhone
		{12597440-C4CA-4019-BC19-20291F721C34}.Debug|iPhone.Build.0 = Debug|iPhone
		{12597440-C4CA-4019-BC19-20291F721C34}.Debug|iPhoneSimulator.ActiveCfg = Debug|iPhoneSimulator
		{12597440-C4CA-4019-BC19-20291F721C34}.Debug|iPhoneSimulator.Build.0 = Debug|iPhoneSimulator
		{12597440-C4CA-4019-BC19-20291F721C34}.Debug|x64.ActiveCfg = Debug|iPhone
		{12597440-C4CA-4019-BC19-20291F721C34}.Debug|x86.ActiveCfg = Debug|iPhone
		{12597440-C4CA-4019-BC19-20291F721C34}.Release|Any CPU.ActiveCfg = Release|iPhone
		{12597440-C4CA-4019-BC19-20291F721C34}.Release|ARM.ActiveCfg = Release|iPhone
		{12597440-C4CA-4019-BC19-20291F721C34}.Release|iPhone.ActiveCfg = Release|iPhone
		{12597440-C4CA-4019-BC19-20291F721C34}.Release|iPhone.Build.0 = Release|iPhone
		{12597440-C4CA-4019-BC19-20291F721C34}.Release|iPhoneSimulator.ActiveCfg = Release|iPhoneSimulator
		{12597440-C4CA-4019-BC19-20291F721C34}.Release|iPhoneSimulator.Build.0 = Release|iPhoneSimulator
		{12597440-C4CA-4019-BC19-20291F721C34}.Release|x64.ActiveCfg = Release|iPhone
		{12597440-C4CA-4019-BC19-20291F721C34}.Release|x86.ActiveCfg = Release|iPhone
		{7DFAAC35-6245-4065-9A7F-0CB3A98FEBB2}.Ad-Hoc|Any CPU.ActiveCfg = Release|Any CPU
		{7DFAAC35-6245-4065-9A7F-0CB3A98FEBB2}.Ad-Hoc|Any CPU.Build.0 = Release|Any CPU
		{7DFAAC35-6245-4065-9A7F-0CB3A98FEBB2}.Ad-Hoc|ARM.ActiveCfg = Release|Any CPU
		{7DFAAC35-6245-4065-9A7F-0CB3A98FEBB2}.Ad-Hoc|ARM.Build.0 = Release|Any CPU
		{7DFAAC35-6245-4065-9A7F-0CB3A98FEBB2}.Ad-Hoc|iPhone.ActiveCfg = Release|Any CPU
		{7DFAAC35-6245-4065-9A7F-0CB3A98FEBB2}.Ad-Hoc|iPhone.Build.0 = Release|Any CPU
		{7DFAAC35-6245-4065-9A7F-0CB3A98FEBB2}.Ad-Hoc|iPhoneSimulator.ActiveCfg = Release|Any CPU
		{7DFAAC35-6245-4065-9A7F-0CB3A98FEBB2}.Ad-Hoc|iPhoneSimulator.Build.0 = Release|Any CPU
		{7DFAAC35-6245-4065-9A7F-0CB3A98FEBB2}.Ad-Hoc|x64.ActiveCfg = Release|Any CPU
		{7DFAAC35-6245-4065-9A7F-0CB3A98FEBB2}.Ad-Hoc|x64.Build.0 = Release|Any CPU
		{7DFAAC35-6245-4065-9A7F-0CB3A98FEBB2}.Ad-Hoc|x86.ActiveCfg = Release|Any CPU
		{7DFAAC35-6245-4065-9A7F-0CB3A98FEBB2}.Ad-Hoc|x86.Build.0 = Release|Any CPU
		{7DFAAC35-6245-4065-9A7F-0CB3A98FEBB2}.AppStore|Any CPU.ActiveCfg = Release|Any CPU
		{7DFAAC35-6245-4065-9A7F-0CB3A98FEBB2}.AppStore|Any CPU.Build.0 = Release|Any CPU
		{7DFAAC35-6245-4065-9A7F-0CB3A98FEBB2}.AppStore|ARM.ActiveCfg = Release|Any CPU
		{7DFAAC35-6245-4065-9A7F-0CB3A98FEBB2}.AppStore|ARM.Build.0 = Release|Any CPU
		{7DFAAC35-6245-4065-9A7F-0CB3A98FEBB2}.AppStore|iPhone.ActiveCfg = Release|Any CPU
		{7DFAAC35-6245-4065-9A7F-0CB3A98FEBB2}.AppStore|iPhone.Build.0 = Release|Any CPU
		{7DFAAC35-6245-4065-9A7F-0CB3A98FEBB2}.AppStore|iPhoneSimulator.ActiveCfg = Release|Any CPU
		{7DFAAC35-6245-4065-9A7F-0CB3A98FEBB2}.AppStore|iPhoneSimulator.Build.0 = Release|Any CPU
		{7DFAAC35-6245-4065-9A7F-0CB3A98FEBB2}.AppStore|x64.ActiveCfg = Release|Any CPU
		{7DFAAC35-6245-4065-9A7F-0CB3A98FEBB2}.AppStore|x64.Build.0 = Release|Any CPU
		{7DFAAC35-6245-4065-9A7F-0CB3A98FEBB2}.AppStore|x86.ActiveCfg = Release|Any CPU
		{7DFAAC35-6245-4065-9A7F-0CB3A98FEBB2}.AppStore|x86.Build.0 = Release|Any CPU
		{7DFAAC35-6245-4065-9A7F-0CB3A98FEBB2}.Debug|Any CPU.ActiveCfg = Debug|Any CPU
		{7DFAAC35-6245-4065-9A7F-0CB3A98FEBB2}.Debug|Any CPU.Build.0 = Debug|Any CPU
		{7DFAAC35-6245-4065-9A7F-0CB3A98FEBB2}.Debug|ARM.ActiveCfg = Debug|Any CPU
		{7DFAAC35-6245-4065-9A7F-0CB3A98FEBB2}.Debug|ARM.Build.0 = Debug|Any CPU
		{7DFAAC35-6245-4065-9A7F-0CB3A98FEBB2}.Debug|iPhone.ActiveCfg = Debug|Any CPU
		{7DFAAC35-6245-4065-9A7F-0CB3A98FEBB2}.Debug|iPhone.Build.0 = Debug|Any CPU
		{7DFAAC35-6245-4065-9A7F-0CB3A98FEBB2}.Debug|iPhoneSimulator.ActiveCfg = Debug|Any CPU
		{7DFAAC35-6245-4065-9A7F-0CB3A98FEBB2}.Debug|iPhoneSimulator.Build.0 = Debug|Any CPU
		{7DFAAC35-6245-4065-9A7F-0CB3A98FEBB2}.Debug|x64.ActiveCfg = Debug|Any CPU
		{7DFAAC35-6245-4065-9A7F-0CB3A98FEBB2}.Debug|x64.Build.0 = Debug|Any CPU
		{7DFAAC35-6245-4065-9A7F-0CB3A98FEBB2}.Debug|x86.ActiveCfg = Debug|Any CPU
		{7DFAAC35-6245-4065-9A7F-0CB3A98FEBB2}.Debug|x86.Build.0 = Debug|Any CPU
		{7DFAAC35-6245-4065-9A7F-0CB3A98FEBB2}.Release|Any CPU.ActiveCfg = Release|Any CPU
		{7DFAAC35-6245-4065-9A7F-0CB3A98FEBB2}.Release|Any CPU.Build.0 = Release|Any CPU
		{7DFAAC35-6245-4065-9A7F-0CB3A98FEBB2}.Release|ARM.ActiveCfg = Release|Any CPU
		{7DFAAC35-6245-4065-9A7F-0CB3A98FEBB2}.Release|ARM.Build.0 = Release|Any CPU
		{7DFAAC35-6245-4065-9A7F-0CB3A98FEBB2}.Release|iPhone.ActiveCfg = Release|Any CPU
		{7DFAAC35-6245-4065-9A7F-0CB3A98FEBB2}.Release|iPhone.Build.0 = Release|Any CPU
		{7DFAAC35-6245-4065-9A7F-0CB3A98FEBB2}.Release|iPhoneSimulator.ActiveCfg = Release|Any CPU
		{7DFAAC35-6245-4065-9A7F-0CB3A98FEBB2}.Release|iPhoneSimulator.Build.0 = Release|Any CPU
		{7DFAAC35-6245-4065-9A7F-0CB3A98FEBB2}.Release|x64.ActiveCfg = Release|Any CPU
		{7DFAAC35-6245-4065-9A7F-0CB3A98FEBB2}.Release|x64.Build.0 = Release|Any CPU
		{7DFAAC35-6245-4065-9A7F-0CB3A98FEBB2}.Release|x86.ActiveCfg = Release|Any CPU
		{7DFAAC35-6245-4065-9A7F-0CB3A98FEBB2}.Release|x86.Build.0 = Release|Any CPU
	EndGlobalSection
	GlobalSection(SolutionProperties) = preSolution
		HideSolutionNode = FALSE
	EndGlobalSection
EndGlobal
